// !$*UTF8*$!
{
	archiveVersion = 1;
	classes = {
	};
	objectVersion = 48;
	objects = {

/* Begin PBXBuildFile section */
		BA17473A1FDBCE7600AD05FB /* AppDelegate.swift in Sources */ = {isa = PBXBuildFile; fileRef = BA1747391FDBCE7600AD05FB /* AppDelegate.swift */; };
		BA17473C1FDBCE7600AD05FB /* ViewController.swift in Sources */ = {isa = PBXBuildFile; fileRef = BA17473B1FDBCE7600AD05FB /* ViewController.swift */; };
		BA17473F1FDBCE7600AD05FB /* Main.storyboard in Resources */ = {isa = PBXBuildFile; fileRef = BA17473D1FDBCE7600AD05FB /* Main.storyboard */; };
		BA1747411FDBCE7600AD05FB /* Assets.xcassets in Resources */ = {isa = PBXBuildFile; fileRef = BA1747401FDBCE7600AD05FB /* Assets.xcassets */; };
		BA1747441FDBCE7600AD05FB /* LaunchScreen.storyboard in Resources */ = {isa = PBXBuildFile; fileRef = BA1747421FDBCE7600AD05FB /* LaunchScreen.storyboard */; };
		BA17474C1FDBD10B00AD05FB /* if_cono_512542.png in Resources */ = {isa = PBXBuildFile; fileRef = BA17474B1FDBD10B00AD05FB /* if_cono_512542.png */; };
		BA17474E1FDBD2F800AD05FB /* jakob-owens-303060.gif in Resources */ = {isa = PBXBuildFile; fileRef = BA17474D1FDBD2F800AD05FB /* jakob-owens-303060.gif */; };
		BA1747541FDBDBFC00AD05FB /* ic_lock_48pt.png in Resources */ = {isa = PBXBuildFile; fileRef = BA1747531FDBDBFC00AD05FB /* ic_lock_48pt.png */; };
		BA1747561FDBDC1100AD05FB /* ic_account_box_48pt.png in Resources */ = {isa = PBXBuildFile; fileRef = BA1747551FDBDC1100AD05FB /* ic_account_box_48pt.png */; };
		BA4818331FDCEC5400F5DBEF /* if_icon-44-sailing-boat-water_316158.png in Resources */ = {isa = PBXBuildFile; fileRef = BA4818321FDCEC5400F5DBEF /* if_icon-44-sailing-boat-water_316158.png */; };
/* End PBXBuildFile section */

/* Begin PBXFileReference section */
		BA1747361FDBCE7600AD05FB /* Easy Authen9DEC.app */ = {isa = PBXFileReference; explicitFileType = wrapper.application; includeInIndex = 0; path = "Easy Authen9DEC.app"; sourceTree = BUILT_PRODUCTS_DIR; };
		BA1747391FDBCE7600AD05FB /* AppDelegate.swift */ = {isa = PBXFileReference; lastKnownFileType = sourcecode.swift; path = AppDelegate.swift; sourceTree = "<group>"; };
		BA17473B1FDBCE7600AD05FB /* ViewController.swift */ = {isa = PBXFileReference; lastKnownFileType = sourcecode.swift; path = ViewController.swift; sourceTree = "<group>"; };
		BA17473E1FDBCE7600AD05FB /* Base */ = {isa = PBXFileReference; lastKnownFileType = file.storyboard; name = Base; path = Base.lproj/Main.storyboard; sourceTree = "<group>"; };
		BA1747401FDBCE7600AD05FB /* Assets.xcassets */ = {isa = PBXFileReference; lastKnownFileType = folder.assetcatalog; path = Assets.xcassets; sourceTree = "<group>"; };
		BA1747431FDBCE7600AD05FB /* Base */ = {isa = PBXFileReference; lastKnownFileType = file.storyboard; name = Base; path = Base.lproj/LaunchScreen.storyboard; sourceTree = "<group>"; };
		BA1747451FDBCE7600AD05FB /* Info.plist */ = {isa = PBXFileReference; lastKnownFileType = text.plist.xml; path = Info.plist; sourceTree = "<group>"; };
		BA17474B1FDBD10B00AD05FB /* if_cono_512542.png */ = {isa = PBXFileReference; lastKnownFileType = image.png; path = if_cono_512542.png; sourceTree = "<group>"; };
		BA17474D1FDBD2F800AD05FB /* jakob-owens-303060.gif */ = {isa = PBXFileReference; lastKnownFileType = image.gif; path = "jakob-owens-303060.gif"; sourceTree = "<group>"; };
		BA1747531FDBDBFC00AD05FB /* ic_lock_48pt.png */ = {isa = PBXFileReference; lastKnownFileType = image.png; path = ic_lock_48pt.png; sourceTree = "<group>"; };
		BA1747551FDBDC1100AD05FB /* ic_account_box_48pt.png */ = {isa = PBXFileReference; lastKnownFileType = image.png; path = ic_account_box_48pt.png; sourceTree = "<group>"; };
		BA4818321FDCEC5400F5DBEF /* if_icon-44-sailing-boat-water_316158.png */ = {isa = PBXFileReference; lastKnownFileType = image.png; path = "if_icon-44-sailing-boat-water_316158.png"; sourceTree = "<group>"; };
/* End PBXFileReference section */

/* Begin PBXFrameworksBuildPhase section */
		BA1747331FDBCE7600AD05FB /* Frameworks */ = {
			isa = PBXFrameworksBuildPhase;
			buildActionMask = 2147483647;
			files = (
			);
			runOnlyForDeploymentPostprocessing = 0;
		};
/* End PBXFrameworksBuildPhase section */

/* Begin PBXGroup section */
		BA17472D1FDBCE7600AD05FB = {
			isa = PBXGroup;
			children = (
				BA1747381FDBCE7600AD05FB /* Easy Authen9DEC */,
				BA1747371FDBCE7600AD05FB /* Products */,
			);
			sourceTree = "<group>";
		};
		BA1747371FDBCE7600AD05FB /* Products */ = {
			isa = PBXGroup;
			children = (
				BA1747361FDBCE7600AD05FB /* Easy Authen9DEC.app */,
			);
			name = Products;
			sourceTree = "<group>";
		};
		BA1747381FDBCE7600AD05FB /* Easy Authen9DEC */ = {
			isa = PBXGroup;
			children = (
				BA1747391FDBCE7600AD05FB /* AppDelegate.swift */,
				BA17473B1FDBCE7600AD05FB /* ViewController.swift */,
				BA17473D1FDBCE7600AD05FB /* Main.storyboard */,
				BA1747401FDBCE7600AD05FB /* Assets.xcassets */,
				BA4818321FDCEC5400F5DBEF /* if_icon-44-sailing-boat-water_316158.png */,
				BA1747531FDBDBFC00AD05FB /* ic_lock_48pt.png */,
				BA1747551FDBDC1100AD05FB /* ic_account_box_48pt.png */,
				BA17474D1FDBD2F800AD05FB /* jakob-owens-303060.gif */,
				BA17474B1FDBD10B00AD05FB /* if_cono_512542.png */,
				BA1747421FDBCE7600AD05FB /* LaunchScreen.storyboard */,
				BA1747451FDBCE7600AD05FB /* Info.plist */,
			);
			path = "Easy Authen9DEC";
			sourceTree = "<group>";
		};
/* End PBXGroup section */

/* Begin PBXNativeTarget section */
		BA1747351FDBCE7600AD05FB /* Easy Authen9DEC */ = {
			isa = PBXNativeTarget;
			buildConfigurationList = BA1747481FDBCE7600AD05FB /* Build configuration list for PBXNativeTarget "Easy Authen9DEC" */;
			buildPhases = (
				BA1747321FDBCE7600AD05FB /* Sources */,
				BA1747331FDBCE7600AD05FB /* Frameworks */,
				BA1747341FDBCE7600AD05FB /* Resources */,
			);
			buildRules = (
			);
			dependencies = (
			);
			name = "Easy Authen9DEC";
			productName = "Easy Authen9DEC";
			productReference = BA1747361FDBCE7600AD05FB /* Easy Authen9DEC.app */;
			productType = "com.apple.product-type.application";
		};
/* End PBXNativeTarget section */

/* Begin PBXProject section */
		BA17472E1FDBCE7600AD05FB /* Project object */ = {
			isa = PBXProject;
			attributes = {
				LastSwiftUpdateCheck = 0920;
				LastUpgradeCheck = 0920;
				ORGANIZATIONNAME = "Thanchanok Trakarnmaneerat";
				TargetAttributes = {
					BA1747351FDBCE7600AD05FB = {
						CreatedOnToolsVersion = 9.2;
						ProvisioningStyle = Automatic;
					};
				};
			};
			buildConfigurationList = BA1747311FDBCE7600AD05FB /* Build configuration list for PBXProject "Easy Authen9DEC" */;
			compatibilityVersion = "Xcode 8.0";
			developmentRegion = en;
			hasScannedForEncodings = 0;
			knownRegions = (
				en,
				Base,
			);
			mainGroup = BA17472D1FDBCE7600AD05FB;
			productRefGroup = BA1747371FDBCE7600AD05FB /* Products */;
			projectDirPath = "";
			projectRoot = "";
			targets = (
				BA1747351FDBCE7600AD05FB /* Easy Authen9DEC */,
			);
		};
/* End PBXProject section */

/* Begin PBXResourcesBuildPhase section */
		BA1747341FDBCE7600AD05FB /* Resources */ = {
			isa = PBXResourcesBuildPhase;
			buildActionMask = 2147483647;
			files = (
				BA1747541FDBDBFC00AD05FB /* ic_lock_48pt.png in Resources */,
				BA17474C1FDBD10B00AD05FB /* if_cono_512542.png in Resources */,
				BA1747441FDBCE7600AD05FB /* LaunchScreen.storyboard in Resources */,
				BA1747411FDBCE7600AD05FB /* Assets.xcassets in Resources */,
				BA1747561FDBDC1100AD05FB /* ic_account_box_48pt.png in Resources */,
				BA4818331FDCEC5400F5DBEF /* if_icon-44-sailing-boat-water_316158.png in Resources */,
				BA17473F1FDBCE7600AD05FB /* Main.storyboard in Resources */,
				BA17474E1FDBD2F800AD05FB /* jakob-owens-303060.gif in Resources */,
			);
			runOnlyForDeploymentPostprocessing = 0;
		};
/* End PBXResourcesBuildPhase section */

/* Begin PBXSourcesBuildPhase section */
		BA1747321FDBCE7600AD05FB /* Sources */ = {
			isa = PBXSourcesBuildPhase;
			buildActionMask = 2147483647;
			files = (
				BA17473C1FDBCE7600AD05FB /* ViewController.swift in Sources */,
				BA17473A1FDBCE7600AD05FB /* AppDelegate.swift in Sources */,
			);
			runOnlyForDeploymentPostprocessing = 0;
		};
/* End PBXSourcesBuildPhase section */

/* Begin PBXVariantGroup section */
		BA17473D1FDBCE7600AD05FB /* Main.storyboard */ = {
			isa = PBXVariantGroup;
			children = (
				BA17473E1FDBCE7600AD05FB /* Base */,
			);
			name = Main.storyboard;
			sourceTree = "<group>";
		};
		BA1747421FDBCE7600AD05FB /* LaunchScreen.storyboard */ = {
			isa = PBXVariantGroup;
			children = (
				BA1747431FDBCE7600AD05FB /* Base */,
			);
			name = LaunchScreen.storyboard;
			sourceTree = "<group>";
		};
/* End PBXVariantGroup section */

/* Begin XCBuildConfiguration section */
		BA1747461FDBCE7600AD05FB /* Debug */ = {
			isa = XCBuildConfiguration;
			buildSettings = {
				ALWAYS_SEARCH_USER_PATHS = NO;
				CLANG_ANALYZER_NONNULL = YES;
				CLANG_ANALYZER_NUMBER_OBJECT_CONVERSION = YES_AGGRESSIVE;
				CLANG_CXX_LANGUAGE_STANDARD = "gnu++14";
				CLANG_CXX_LIBRARY = "libc++";
				CLANG_ENABLE_MODULES = YES;
				CLANG_ENABLE_OBJC_ARC = YES;
				CLANG_WARN_BLOCK_CAPTURE_AUTORELEASING = YES;
				CLANG_WARN_BOOL_CONVERSION = YES;
				CLANG_WARN_COMMA = YES;
				CLANG_WARN_CONSTANT_CONVERSION = YES;
				CLANG_WARN_DIRECT_OBJC_ISA_USAGE = YES_ERROR;
				CLANG_WARN_DOCUMENTATION_COMMENTS = YES;
				CLANG_WARN_EMPTY_BODY = YES;
				CLANG_WARN_ENUM_CONVERSION = YES;
				CLANG_WARN_INFINITE_RECURSION = YES;
				CLANG_WARN_INT_CONVERSION = YES;
				CLANG_WARN_NON_LITERAL_NULL_CONVERSION = YES;
				CLANG_WARN_OBJC_LITERAL_CONVERSION = YES;
				CLANG_WARN_OBJC_ROOT_CLASS = YES_ERROR;
				CLANG_WARN_RANGE_LOOP_ANALYSIS = YES;
				CLANG_WARN_STRICT_PROTOTYPES = YES;
				CLANG_WARN_SUSPICIOUS_MOVE = YES;
				CLANG_WARN_UNGUARDED_AVAILABILITY = YES_AGGRESSIVE;
				CLANG_WARN_UNREACHABLE_CODE = YES;
				CLANG_WARN__DUPLICATE_METHOD_MATCH = YES;
				CODE_SIGN_IDENTITY = "iPhone Developer";
				COPY_PHASE_STRIP = NO;
				DEBUG_INFORMATION_FORMAT = dwarf;
				ENABLE_STRICT_OBJC_MSGSEND = YES;
				ENABLE_TESTABILITY = YES;
				GCC_C_LANGUAGE_STANDARD = gnu11;
				GCC_DYNAMIC_NO_PIC = NO;
				GCC_NO_COMMON_BLOCKS = YES;
				GCC_OPTIMIZATION_LEVEL = 0;
				GCC_PREPROCESSOR_DEFINITIONS = (
					"DEBUG=1",
					"$(inherited)",
				);
				GCC_WARN_64_TO_32_BIT_CONVERSION = YES;
				GCC_WARN_ABOUT_RETURN_TYPE = YES_ERROR;
				GCC_WARN_UNDECLARED_SELECTOR = YES;
				GCC_WARN_UNINITIALIZED_AUTOS = YES_AGGRESSIVE;
				GCC_WARN_UNUSED_FUNCTION = YES;
				GCC_WARN_UNUSED_VARIABLE = YES;
				IPHONEOS_DEPLOYMENT_TARGET = 11.2;
				MTL_ENABLE_DEBUG_INFO = YES;
				ONLY_ACTIVE_ARCH = YES;
				SDKROOT = iphoneos;
				SWIFT_ACTIVE_COMPILATION_CONDITIONS = DEBUG;
				SWIFT_OPTIMIZATION_LEVEL = "-Onone";
			};
			name = Debug;
		};
		BA1747471FDBCE7600AD05FB /* Release */ = {
			isa = XCBuildConfiguration;
			buildSettings = {
				ALWAYS_SEARCH_USER_PATHS = NO;
				CLANG_ANALYZER_NONNULL = YES;
				CLANG_ANALYZER_NUMBER_OBJECT_CONVERSION = YES_AGGRESSIVE;
				CLANG_CXX_LANGUAGE_STANDARD = "gnu++14";
				CLANG_CXX_LIBRARY = "libc++";
				CLANG_ENABLE_MODULES = YES;
				CLANG_ENABLE_OBJC_ARC = YES;
				CLANG_WARN_BLOCK_CAPTURE_AUTORELEASING = YES;
				CLANG_WARN_BOOL_CONVERSION = YES;
				CLANG_WARN_COMMA = YES;
				CLANG_WARN_CONSTANT_CONVERSION = YES;
				CLANG_WARN_DIRECT_OBJC_ISA_USAGE = YES_ERROR;
				CLANG_WARN_DOCUMENTATION_COMMENTS = YES;
				CLANG_WARN_EMPTY_BODY = YES;
				CLANG_WARN_ENUM_CONVERSION = YES;
				CLANG_WARN_INFINITE_RECURSION = YES;
				CLANG_WARN_INT_CONVERSION = YES;
				CLANG_WARN_NON_LITERAL_NULL_CONVERSION = YES;
				CLANG_WARN_OBJC_LITERAL_CONVERSION = YES;
				CLANG_WARN_OBJC_ROOT_CLASS = YES_ERROR;
				CLANG_WARN_RANGE_LOOP_ANALYSIS = YES;
				CLANG_WARN_STRICT_PROTOTYPES = YES;
				CLANG_WARN_SUSPICIOUS_MOVE = YES;
				CLANG_WARN_UNGUARDED_AVAILABILITY = YES_AGGRESSIVE;
				CLANG_WARN_UNREACHABLE_CODE = YES;
				CLANG_WARN__DUPLICATE_METHOD_MATCH = YES;
				CODE_SIGN_IDENTITY = "iPhone Developer";
				COPY_PHASE_STRIP = NO;
				DEBUG_INFORMATION_FORMAT = "dwarf-with-dsym";
				ENABLE_NS_ASSERTIONS = NO;
				ENABLE_STRICT_OBJC_MSGSEND = YES;
				GCC_C_LANGUAGE_STANDARD = gnu11;
				GCC_NO_COMMON_BLOCKS = YES;
				GCC_WARN_64_TO_32_BIT_CONVERSION = YES;
				GCC_WARN_ABOUT_RETURN_TYPE = YES_ERROR;
				GCC_WARN_UNDECLARED_SELECTOR = YES;
				GCC_WARN_UNINITIALIZED_AUTOS = YES_AGGRESSIVE;
				GCC_WARN_UNUSED_FUNCTION = YES;
				GCC_WARN_UNUSED_VARIABLE = YES;
				IPHONEOS_DEPLOYMENT_TARGET = 11.2;
				MTL_ENABLE_DEBUG_INFO = NO;
				SDKROOT = iphoneos;
				SWIFT_OPTIMIZATION_LEVEL = "-Owholemodule";
				VALIDATE_PRODUCT = YES;
			};
			name = Release;
		};
		BA1747491FDBCE7600AD05FB /* Debug */ = {
			isa = XCBuildConfiguration;
			buildSettings = {
				ASSETCATALOG_COMPILER_APPICON_NAME = AppIcon;
				CODE_SIGN_STYLE = Automatic;
				INFOPLIST_FILE = "Easy Authen9DEC/Info.plist";
				LD_RUNPATH_SEARCH_PATHS = "$(inherited) @executable_path/Frameworks";
				PRODUCT_BUNDLE_IDENTIFIER = "Ploythan.Easy-Authen9DEC";
				PRODUCT_NAME = "$(TARGET_NAME)";
				SWIFT_VERSION = 4.0;
				TARGETED_DEVICE_FAMILY = "1,2";
			};
			name = Debug;
		};
		BA17474A1FDBCE7600AD05FB /* Release */ = {
			isa = XCBuildConfiguration;
			buildSettings = {
				ASSETCATALOG_COMPILER_APPICON_NAME = AppIcon;
				CODE_SIGN_STYLE = Automatic;
				INFOPLIST_FILE = "Easy Authen9DEC/Info.plist";
				LD_RUNPATH_SEARCH_PATHS = "$(inherited) @executable_path/Frameworks";
				PRODUCT_BUNDLE_IDENTIFIER = "Ploythan.Easy-Authen9DEC";
				PRODUCT_NAME = "$(TARGET_NAME)";
				SWIFT_VERSION = 4.0;
				TARGETED_DEVICE_FAMILY = "1,2";
			};
			name = Release;
		};
/* End XCBuildConfiguration section */

/* Begin XCConfigurationList section */
		BA1747311FDBCE7600AD05FB /* Build configuration list for PBXProject "Easy Authen9DEC" */ = {
			isa = XCConfigurationList;
			buildConfigurations = (
				BA1747461FDBCE7600AD05FB /* Debug */,
				BA1747471FDBCE7600AD05FB /* Release */,
			);
			defaultConfigurationIsVisible = 0;
			defaultConfigurationName = Release;
		};
		BA1747481FDBCE7600AD05FB /* Build configuration list for PBXNativeTarget "Easy Authen9DEC" */ = {
			isa = XCConfigurationList;
			buildConfigurations = (
				BA1747491FDBCE7600AD05FB /* Debug */,
				BA17474A1FDBCE7600AD05FB /* Release */,
			);
			defaultConfigurationIsVisible = 0;
			defaultConfigurationName = Release;
		};
/* End XCConfigurationList section */
	};
	rootObject = BA17472E1FDBCE7600AD05FB /* Project object */;
}
